// !$*UTF8*$!
{
	archiveVersion = 1;
	classes = {
	};
	objectVersion = 50;
	objects = {

/* Begin PBXBuildFile section */
		AB89E0BE238F40EC0082D34A /* AppDelegate.swift in Sources */ = {isa = PBXBuildFile; fileRef = AB89E0BD238F40EC0082D34A /* AppDelegate.swift */; };
		AB89E0C0238F40EC0082D34A /* ViewController.swift in Sources */ = {isa = PBXBuildFile; fileRef = AB89E0BF238F40EC0082D34A /* ViewController.swift */; };
		AB89E0C3238F40EC0082D34A /* Main.storyboard in Resources */ = {isa = PBXBuildFile; fileRef = AB89E0C1238F40EC0082D34A /* Main.storyboard */; };
		AB89E0C5238F40EE0082D34A /* Assets.xcassets in Resources */ = {isa = PBXBuildFile; fileRef = AB89E0C4238F40EE0082D34A /* Assets.xcassets */; };
		AB89E0C8238F40EE0082D34A /* LaunchScreen.storyboard in Resources */ = {isa = PBXBuildFile; fileRef = AB89E0C6238F40EE0082D34A /* LaunchScreen.storyboard */; };
		AB89E0D3238F40EE0082D34A /* TestAdViewTests.swift in Sources */ = {isa = PBXBuildFile; fileRef = AB89E0D2238F40EE0082D34A /* TestAdViewTests.swift */; };
		AB89E0DE238F4BF70082D34A /* Podfile in Sources */ = {isa = PBXBuildFile; fileRef = AB89E0DD238F4BF70082D34A /* Podfile */; };
		ABC26F572390345500EB5ADC /* VeepioViewController.swift in Sources */ = {isa = PBXBuildFile; fileRef = ABC26F562390345500EB5ADC /* VeepioViewController.swift */; };
		FA7F60421D56ABF97672A388 /* Pods_TestAdView.framework in Frameworks */ = {isa = PBXBuildFile; fileRef = 2399856D224BC3AE6C018B6C /* Pods_TestAdView.framework */; };
/* End PBXBuildFile section */

/* Begin PBXContainerItemProxy section */
		AB89E0CF238F40EE0082D34A /* PBXContainerItemProxy */ = {
			isa = PBXContainerItemProxy;
			containerPortal = AB89E0B2238F40EC0082D34A /* Project object */;
			proxyType = 1;
			remoteGlobalIDString = AB89E0B9238F40EC0082D34A;
			remoteInfo = TestAdView;
		};
/* End PBXContainerItemProxy section */

/* Begin PBXFileReference section */
		0FC743A294A415EDEB12C41B /* Pods-TestAdView.debug.xcconfig */ = {isa = PBXFileReference; includeInIndex = 1; lastKnownFileType = text.xcconfig; name = "Pods-TestAdView.debug.xcconfig"; path = "Pods/Target Support Files/Pods-TestAdView/Pods-TestAdView.debug.xcconfig"; sourceTree = "<group>"; };
		2399856D224BC3AE6C018B6C /* Pods_TestAdView.framework */ = {isa = PBXFileReference; explicitFileType = wrapper.framework; includeInIndex = 0; path = Pods_TestAdView.framework; sourceTree = BUILT_PRODUCTS_DIR; };
		AB89E0BA238F40EC0082D34A /* TestAdView.app */ = {isa = PBXFileReference; explicitFileType = wrapper.application; includeInIndex = 0; path = TestAdView.app; sourceTree = BUILT_PRODUCTS_DIR; };
		AB89E0BD238F40EC0082D34A /* AppDelegate.swift */ = {isa = PBXFileReference; lastKnownFileType = sourcecode.swift; path = AppDelegate.swift; sourceTree = "<group>"; };
		AB89E0BF238F40EC0082D34A /* ViewController.swift */ = {isa = PBXFileReference; lastKnownFileType = sourcecode.swift; path = ViewController.swift; sourceTree = "<group>"; };
		AB89E0C2238F40EC0082D34A /* Base */ = {isa = PBXFileReference; lastKnownFileType = file.storyboard; name = Base; path = Base.lproj/Main.storyboard; sourceTree = "<group>"; };
		AB89E0C4238F40EE0082D34A /* Assets.xcassets */ = {isa = PBXFileReference; lastKnownFileType = folder.assetcatalog; path = Assets.xcassets; sourceTree = "<group>"; };
		AB89E0C7238F40EE0082D34A /* Base */ = {isa = PBXFileReference; lastKnownFileType = file.storyboard; name = Base; path = Base.lproj/LaunchScreen.storyboard; sourceTree = "<group>"; };
		AB89E0C9238F40EE0082D34A /* Info.plist */ = {isa = PBXFileReference; lastKnownFileType = text.plist.xml; path = Info.plist; sourceTree = "<group>"; };
		AB89E0CE238F40EE0082D34A /* TestAdViewTests.xctest */ = {isa = PBXFileReference; explicitFileType = wrapper.cfbundle; includeInIndex = 0; path = TestAdViewTests.xctest; sourceTree = BUILT_PRODUCTS_DIR; };
		AB89E0D2238F40EE0082D34A /* TestAdViewTests.swift */ = {isa = PBXFileReference; lastKnownFileType = sourcecode.swift; path = TestAdViewTests.swift; sourceTree = "<group>"; };
		AB89E0D4238F40EE0082D34A /* Info.plist */ = {isa = PBXFileReference; lastKnownFileType = text.plist.xml; path = Info.plist; sourceTree = "<group>"; };
		AB89E0DD238F4BF70082D34A /* Podfile */ = {isa = PBXFileReference; explicitFileType = text.script.ruby; path = Podfile; sourceTree = "<group>"; xcLanguageSpecificationIdentifier = xcode.lang.ruby; };
		ABC26F562390345500EB5ADC /* VeepioViewController.swift */ = {isa = PBXFileReference; lastKnownFileType = sourcecode.swift; path = VeepioViewController.swift; sourceTree = "<group>"; };
		C17BBE532FAA2BAAB309811B /* Pods-TestAdView.release.xcconfig */ = {isa = PBXFileReference; includeInIndex = 1; lastKnownFileType = text.xcconfig; name = "Pods-TestAdView.release.xcconfig"; path = "Pods/Target Support Files/Pods-TestAdView/Pods-TestAdView.release.xcconfig"; sourceTree = "<group>"; };
/* End PBXFileReference section */

/* Begin PBXFrameworksBuildPhase section */
		AB89E0B7238F40EC0082D34A /* Frameworks */ = {
			isa = PBXFrameworksBuildPhase;
			buildActionMask = 2147483647;
			files = (
				FA7F60421D56ABF97672A388 /* Pods_TestAdView.framework in Frameworks */,
			);
			runOnlyForDeploymentPostprocessing = 0;
		};
		AB89E0CB238F40EE0082D34A /* Frameworks */ = {
			isa = PBXFrameworksBuildPhase;
			buildActionMask = 2147483647;
			files = (
			);
			runOnlyForDeploymentPostprocessing = 0;
		};
/* End PBXFrameworksBuildPhase section */

/* Begin PBXGroup section */
		65C55B45376E6EA46B5F17AE /* Frameworks */ = {
			isa = PBXGroup;
			children = (
				2399856D224BC3AE6C018B6C /* Pods_TestAdView.framework */,
			);
			name = Frameworks;
			sourceTree = "<group>";
		};
		780FE0B18BCC11C96339CC09 /* Pods */ = {
			isa = PBXGroup;
			children = (
				0FC743A294A415EDEB12C41B /* Pods-TestAdView.debug.xcconfig */,
				C17BBE532FAA2BAAB309811B /* Pods-TestAdView.release.xcconfig */,
			);
			name = Pods;
			sourceTree = "<group>";
		};
		AB89E0B1238F40EC0082D34A = {
			isa = PBXGroup;
			children = (
				AB89E0DD238F4BF70082D34A /* Podfile */,
				AB89E0BC238F40EC0082D34A /* TestAdView */,
				AB89E0D1238F40EE0082D34A /* TestAdViewTests */,
				AB89E0BB238F40EC0082D34A /* Products */,
				780FE0B18BCC11C96339CC09 /* Pods */,
				65C55B45376E6EA46B5F17AE /* Frameworks */,
			);
			sourceTree = "<group>";
		};
		AB89E0BB238F40EC0082D34A /* Products */ = {
			isa = PBXGroup;
			children = (
				AB89E0BA238F40EC0082D34A /* TestAdView.app */,
				AB89E0CE238F40EE0082D34A /* TestAdViewTests.xctest */,
			);
			name = Products;
			sourceTree = "<group>";
		};
		AB89E0BC238F40EC0082D34A /* TestAdView */ = {
			isa = PBXGroup;
			children = (
				AB89E0BD238F40EC0082D34A /* AppDelegate.swift */,
				AB89E0BF238F40EC0082D34A /* ViewController.swift */,
				ABC26F562390345500EB5ADC /* VeepioViewController.swift */,
				AB89E0C1238F40EC0082D34A /* Main.storyboard */,
				AB89E0C4238F40EE0082D34A /* Assets.xcassets */,
				AB89E0C6238F40EE0082D34A /* LaunchScreen.storyboard */,
				AB89E0C9238F40EE0082D34A /* Info.plist */,
			);
			path = TestAdView;
			sourceTree = "<group>";
		};
		AB89E0D1238F40EE0082D34A /* TestAdViewTests */ = {
			isa = PBXGroup;
			children = (
				AB89E0D2238F40EE0082D34A /* TestAdViewTests.swift */,
				AB89E0D4238F40EE0082D34A /* Info.plist */,
			);
			path = TestAdViewTests;
			sourceTree = "<group>";
		};
/* End PBXGroup section */

/* Begin PBXNativeTarget section */
		AB89E0B9238F40EC0082D34A /* TestAdView */ = {
			isa = PBXNativeTarget;
			buildConfigurationList = AB89E0D7238F40EE0082D34A /* Build configuration list for PBXNativeTarget "TestAdView" */;
			buildPhases = (
				97C23881BA97003B5A6BCF99 /* [CP] Check Pods Manifest.lock */,
				AB89E0B6238F40EC0082D34A /* Sources */,
				AB89E0B7238F40EC0082D34A /* Frameworks */,
				AB89E0B8238F40EC0082D34A /* Resources */,
				6A63AA27B94F04357F458D08 /* [CP] Embed Pods Frameworks */,
				D15D7968F75C61FE6158FF2E /* [CP] Copy Pods Resources */,
			);
			buildRules = (
			);
			dependencies = (
			);
			name = TestAdView;
			productName = TestAdView;
			productReference = AB89E0BA238F40EC0082D34A /* TestAdView.app */;
			productType = "com.apple.product-type.application";
		};
		AB89E0CD238F40EE0082D34A /* TestAdViewTests */ = {
			isa = PBXNativeTarget;
			buildConfigurationList = AB89E0DA238F40EE0082D34A /* Build configuration list for PBXNativeTarget "TestAdViewTests" */;
			buildPhases = (
				AB89E0CA238F40EE0082D34A /* Sources */,
				AB89E0CB238F40EE0082D34A /* Frameworks */,
				AB89E0CC238F40EE0082D34A /* Resources */,
			);
			buildRules = (
			);
			dependencies = (
				AB89E0D0238F40EE0082D34A /* PBXTargetDependency */,
			);
			name = TestAdViewTests;
			productName = TestAdViewTests;
			productReference = AB89E0CE238F40EE0082D34A /* TestAdViewTests.xctest */;
			productType = "com.apple.product-type.bundle.unit-test";
		};
/* End PBXNativeTarget section */

/* Begin PBXProject section */
		AB89E0B2238F40EC0082D34A /* Project object */ = {
			isa = PBXProject;
			attributes = {
				LastSwiftUpdateCheck = 1010;
				LastUpgradeCheck = 1010;
				ORGANIZATIONNAME = Foundry;
				TargetAttributes = {
					AB89E0B9238F40EC0082D34A = {
						CreatedOnToolsVersion = 10.1;
					};
					AB89E0CD238F40EE0082D34A = {
						CreatedOnToolsVersion = 10.1;
						TestTargetID = AB89E0B9238F40EC0082D34A;
					};
				};
			};
			buildConfigurationList = AB89E0B5238F40EC0082D34A /* Build configuration list for PBXProject "TestAdView" */;
			compatibilityVersion = "Xcode 9.3";
			developmentRegion = en;
			hasScannedForEncodings = 0;
			knownRegions = (
				en,
				Base,
			);
			mainGroup = AB89E0B1238F40EC0082D34A;
			productRefGroup = AB89E0BB238F40EC0082D34A /* Products */;
			projectDirPath = "";
			projectRoot = "";
			targets = (
				AB89E0B9238F40EC0082D34A /* TestAdView */,
				AB89E0CD238F40EE0082D34A /* TestAdViewTests */,
			);
		};
/* End PBXProject section */

/* Begin PBXResourcesBuildPhase section */
		AB89E0B8238F40EC0082D34A /* Resources */ = {
			isa = PBXResourcesBuildPhase;
			buildActionMask = 2147483647;
			files = (
				AB89E0C8238F40EE0082D34A /* LaunchScreen.storyboard in Resources */,
				AB89E0C5238F40EE0082D34A /* Assets.xcassets in Resources */,
				AB89E0C3238F40EC0082D34A /* Main.storyboard in Resources */,
			);
			runOnlyForDeploymentPostprocessing = 0;
		};
		AB89E0CC238F40EE0082D34A /* Resources */ = {
			isa = PBXResourcesBuildPhase;
			buildActionMask = 2147483647;
			files = (
			);
			runOnlyForDeploymentPostprocessing = 0;
		};
/* End PBXResourcesBuildPhase section */

/* Begin PBXShellScriptBuildPhase section */
		6A63AA27B94F04357F458D08 /* [CP] Embed Pods Frameworks */ = {
			isa = PBXShellScriptBuildPhase;
			buildActionMask = 2147483647;
			files = (
			);
			inputFileListPaths = (
			);
			inputPaths = (
				"${SRCROOT}/Pods/Target Support Files/Pods-TestAdView/Pods-TestAdView-frameworks.sh",
				"${BUILT_PRODUCTS_DIR}/AWSCore/AWSCore.framework",
				"${BUILT_PRODUCTS_DIR}/AWSKinesis/AWSKinesis.framework",
				"${PODS_ROOT}/GoogleAds-IMA-iOS-SDK/GoogleInteractiveMediaAds.framework",
				"${BUILT_PRODUCTS_DIR}/Protobuf/Protobuf.framework",
				"${BUILT_PRODUCTS_DIR}/VPKit/VPKit.framework",
				"${BUILT_PRODUCTS_DIR}/XCDYouTubeKit/XCDYouTubeKit.framework",
				"${BUILT_PRODUCTS_DIR}/dotveep/dotveep.framework",
			);
			name = "[CP] Embed Pods Frameworks";
			outputFileListPaths = (
			);
			outputPaths = (
				"${TARGET_BUILD_DIR}/${FRAMEWORKS_FOLDER_PATH}/AWSCore.framework",
				"${TARGET_BUILD_DIR}/${FRAMEWORKS_FOLDER_PATH}/AWSKinesis.framework",
				"${TARGET_BUILD_DIR}/${FRAMEWORKS_FOLDER_PATH}/GoogleInteractiveMediaAds.framework",
				"${TARGET_BUILD_DIR}/${FRAMEWORKS_FOLDER_PATH}/Protobuf.framework",
				"${TARGET_BUILD_DIR}/${FRAMEWORKS_FOLDER_PATH}/VPKit.framework",
				"${TARGET_BUILD_DIR}/${FRAMEWORKS_FOLDER_PATH}/XCDYouTubeKit.framework",
				"${TARGET_BUILD_DIR}/${FRAMEWORKS_FOLDER_PATH}/dotveep.framework",
			);
			runOnlyForDeploymentPostprocessing = 0;
			shellPath = /bin/sh;
			shellScript = "\"${SRCROOT}/Pods/Target Support Files/Pods-TestAdView/Pods-TestAdView-frameworks.sh\"\n";
			showEnvVarsInLog = 0;
		};
		97C23881BA97003B5A6BCF99 /* [CP] Check Pods Manifest.lock */ = {
			isa = PBXShellScriptBuildPhase;
			buildActionMask = 2147483647;
			files = (
			);
			inputFileListPaths = (
			);
			inputPaths = (
				"${PODS_PODFILE_DIR_PATH}/Podfile.lock",
				"${PODS_ROOT}/Manifest.lock",
			);
			name = "[CP] Check Pods Manifest.lock";
			outputFileListPaths = (
			);
			outputPaths = (
				"$(DERIVED_FILE_DIR)/Pods-TestAdView-checkManifestLockResult.txt",
			);
			runOnlyForDeploymentPostprocessing = 0;
			shellPath = /bin/sh;
			shellScript = "diff \"${PODS_PODFILE_DIR_PATH}/Podfile.lock\" \"${PODS_ROOT}/Manifest.lock\" > /dev/null\nif [ $? != 0 ] ; then\n    # print error to STDERR\n    echo \"error: The sandbox is not in sync with the Podfile.lock. Run 'pod install' or update your CocoaPods installation.\" >&2\n    exit 1\nfi\n# This output is used by Xcode 'outputs' to avoid re-running this script phase.\necho \"SUCCESS\" > \"${SCRIPT_OUTPUT_FILE_0}\"\n";
			showEnvVarsInLog = 0;
		};
		D15D7968F75C61FE6158FF2E /* [CP] Copy Pods Resources */ = {
			isa = PBXShellScriptBuildPhase;
			buildActionMask = 2147483647;
			files = (
			);
			inputFileListPaths = (
			);
			inputPaths = (
			);
			name = "[CP] Copy Pods Resources";
			outputFileListPaths = (
			);
			outputPaths = (
			);
			runOnlyForDeploymentPostprocessing = 0;
			shellPath = /bin/sh;
			shellScript = "\"${SRCROOT}/Pods/Target Support Files/Pods-TestAdView/Pods-TestAdView-resources.sh\"\n";
			showEnvVarsInLog = 0;
		};
/* End PBXShellScriptBuildPhase section */

/* Begin PBXSourcesBuildPhase section */
		AB89E0B6238F40EC0082D34A /* Sources */ = {
			isa = PBXSourcesBuildPhase;
			buildActionMask = 2147483647;
			files = (
				ABC26F572390345500EB5ADC /* VeepioViewController.swift in Sources */,
				AB89E0C0238F40EC0082D34A /* ViewController.swift in Sources */,
				AB89E0DE238F4BF70082D34A /* Podfile in Sources */,
				AB89E0BE238F40EC0082D34A /* AppDelegate.swift in Sources */,
			);
			runOnlyForDeploymentPostprocessing = 0;
		};
		AB89E0CA238F40EE0082D34A /* Sources */ = {
			isa = PBXSourcesBuildPhase;
			buildActionMask = 2147483647;
			files = (
				AB89E0D3238F40EE0082D34A /* TestAdViewTests.swift in Sources */,
			);
			runOnlyForDeploymentPostprocessing = 0;
		};
/* End PBXSourcesBuildPhase section */

/* Begin PBXTargetDependency section */
		AB89E0D0238F40EE0082D34A /* PBXTargetDependency */ = {
			isa = PBXTargetDependency;
			target = AB89E0B9238F40EC0082D34A /* TestAdView */;
			targetProxy = AB89E0CF238F40EE0082D34A /* PBXContainerItemProxy */;
		};
/* End PBXTargetDependency section */

/* Begin PBXVariantGroup section */
		AB89E0C1238F40EC0082D34A /* Main.storyboard */ = {
			isa = PBXVariantGroup;
			children = (
				AB89E0C2238F40EC0082D34A /* Base */,
			);
			name = Main.storyboard;
			sourceTree = "<group>";
		};
		AB89E0C6238F40EE0082D34A /* LaunchScreen.storyboard */ = {
			isa = PBXVariantGroup;
			children = (
				AB89E0C7238F40EE0082D34A /* Base */,
			);
			name = LaunchScreen.storyboard;
			sourceTree = "<group>";
		};
/* End PBXVariantGroup section */

/* Begin XCBuildConfiguration section */
		AB89E0D5238F40EE0082D34A /* Debug */ = {
			isa = XCBuildConfiguration;
			buildSettings = {
				ALWAYS_SEARCH_USER_PATHS = NO;
				CLANG_ALLOW_NON_MODULAR_INCLUDES_IN_FRAMEWORK_MODULES = YES;
				CLANG_ANALYZER_NONNULL = YES;
				CLANG_ANALYZER_NUMBER_OBJECT_CONVERSION = YES_AGGRESSIVE;
				CLANG_CXX_LANGUAGE_STANDARD = "gnu++14";
				CLANG_CXX_LIBRARY = "libc++";
				CLANG_ENABLE_MODULES = YES;
				CLANG_ENABLE_OBJC_ARC = YES;
				CLANG_ENABLE_OBJC_WEAK = YES;
				CLANG_WARN_BLOCK_CAPTURE_AUTORELEASING = YES;
				CLANG_WARN_BOOL_CONVERSION = YES;
				CLANG_WARN_COMMA = YES;
				CLANG_WARN_CONSTANT_CONVERSION = YES;
				CLANG_WARN_DEPRECATED_OBJC_IMPLEMENTATIONS = YES;
				CLANG_WARN_DIRECT_OBJC_ISA_USAGE = YES_ERROR;
				CLANG_WARN_DOCUMENTATION_COMMENTS = YES;
				CLANG_WARN_EMPTY_BODY = YES;
				CLANG_WARN_ENUM_CONVERSION = YES;
				CLANG_WARN_INFINITE_RECURSION = YES;
				CLANG_WARN_INT_CONVERSION = YES;
				CLANG_WARN_NON_LITERAL_NULL_CONVERSION = YES;
				CLANG_WARN_OBJC_IMPLICIT_RETAIN_SELF = YES;
				CLANG_WARN_OBJC_LITERAL_CONVERSION = YES;
				CLANG_WARN_OBJC_ROOT_CLASS = YES_ERROR;
				CLANG_WARN_RANGE_LOOP_ANALYSIS = YES;
				CLANG_WARN_STRICT_PROTOTYPES = YES;
				CLANG_WARN_SUSPICIOUS_MOVE = YES;
				CLANG_WARN_UNGUARDED_AVAILABILITY = YES_AGGRESSIVE;
				CLANG_WARN_UNREACHABLE_CODE = YES;
				CLANG_WARN__DUPLICATE_METHOD_MATCH = YES;
				CODE_SIGN_IDENTITY = "iPhone Developer";
				COPY_PHASE_STRIP = NO;
				DEBUG_INFORMATION_FORMAT = dwarf;
				ENABLE_STRICT_OBJC_MSGSEND = YES;
				ENABLE_TESTABILITY = YES;
				GCC_C_LANGUAGE_STANDARD = gnu11;
				GCC_DYNAMIC_NO_PIC = NO;
				GCC_NO_COMMON_BLOCKS = YES;
				GCC_OPTIMIZATION_LEVEL = 0;
				GCC_PREPROCESSOR_DEFINITIONS = (
					"DEBUG=1",
					"$(inherited)",
				);
				GCC_WARN_64_TO_32_BIT_CONVERSION = YES;
				GCC_WARN_ABOUT_RETURN_TYPE = YES_ERROR;
				GCC_WARN_UNDECLARED_SELECTOR = YES;
				GCC_WARN_UNINITIALIZED_AUTOS = YES_AGGRESSIVE;
				GCC_WARN_UNUSED_FUNCTION = YES;
				GCC_WARN_UNUSED_VARIABLE = YES;
				IPHONEOS_DEPLOYMENT_TARGET = 12.1;
				MTL_ENABLE_DEBUG_INFO = INCLUDE_SOURCE;
				MTL_FAST_MATH = YES;
				ONLY_ACTIVE_ARCH = YES;
				SDKROOT = iphoneos;
				SWIFT_ACTIVE_COMPILATION_CONDITIONS = DEBUG;
				SWIFT_OPTIMIZATION_LEVEL = "-Onone";
			};
			name = Debug;
		};
		AB89E0D6238F40EE0082D34A /* Release */ = {
			isa = XCBuildConfiguration;
			buildSettings = {
				ALWAYS_SEARCH_USER_PATHS = NO;
				CLANG_ALLOW_NON_MODULAR_INCLUDES_IN_FRAMEWORK_MODULES = YES;
				CLANG_ANALYZER_NONNULL = YES;
				CLANG_ANALYZER_NUMBER_OBJECT_CONVERSION = YES_AGGRESSIVE;
				CLANG_CXX_LANGUAGE_STANDARD = "gnu++14";
				CLANG_CXX_LIBRARY = "libc++";
				CLANG_ENABLE_MODULES = YES;
				CLANG_ENABLE_OBJC_ARC = YES;
				CLANG_ENABLE_OBJC_WEAK = YES;
				CLANG_WARN_BLOCK_CAPTURE_AUTORELEASING = YES;
				CLANG_WARN_BOOL_CONVERSION = YES;
				CLANG_WARN_COMMA = YES;
				CLANG_WARN_CONSTANT_CONVERSION = YES;
				CLANG_WARN_DEPRECATED_OBJC_IMPLEMENTATIONS = YES;
				CLANG_WARN_DIRECT_OBJC_ISA_USAGE = YES_ERROR;
				CLANG_WARN_DOCUMENTATION_COMMENTS = YES;
				CLANG_WARN_EMPTY_BODY = YES;
				CLANG_WARN_ENUM_CONVERSION = YES;
				CLANG_WARN_INFINITE_RECURSION = YES;
				CLANG_WARN_INT_CONVERSION = YES;
				CLANG_WARN_NON_LITERAL_NULL_CONVERSION = YES;
				CLANG_WARN_OBJC_IMPLICIT_RETAIN_SELF = YES;
				CLANG_WARN_OBJC_LITERAL_CONVERSION = YES;
				CLANG_WARN_OBJC_ROOT_CLASS = YES_ERROR;
				CLANG_WARN_RANGE_LOOP_ANALYSIS = YES;
				CLANG_WARN_STRICT_PROTOTYPES = YES;
				CLANG_WARN_SUSPICIOUS_MOVE = YES;
				CLANG_WARN_UNGUARDED_AVAILABILITY = YES_AGGRESSIVE;
				CLANG_WARN_UNREACHABLE_CODE = YES;
				CLANG_WARN__DUPLICATE_METHOD_MATCH = YES;
				CODE_SIGN_IDENTITY = "iPhone Developer";
				COPY_PHASE_STRIP = NO;
				DEBUG_INFORMATION_FORMAT = "dwarf-with-dsym";
				ENABLE_NS_ASSERTIONS = NO;
				ENABLE_STRICT_OBJC_MSGSEND = YES;
				GCC_C_LANGUAGE_STANDARD = gnu11;
				GCC_NO_COMMON_BLOCKS = YES;
				GCC_WARN_64_TO_32_BIT_CONVERSION = YES;
				GCC_WARN_ABOUT_RETURN_TYPE = YES_ERROR;
				GCC_WARN_UNDECLARED_SELECTOR = YES;
				GCC_WARN_UNINITIALIZED_AUTOS = YES_AGGRESSIVE;
				GCC_WARN_UNUSED_FUNCTION = YES;
				GCC_WARN_UNUSED_VARIABLE = YES;
				IPHONEOS_DEPLOYMENT_TARGET = 12.1;
				MTL_ENABLE_DEBUG_INFO = NO;
				MTL_FAST_MATH = YES;
				SDKROOT = iphoneos;
				SWIFT_COMPILATION_MODE = wholemodule;
				SWIFT_OPTIMIZATION_LEVEL = "-O";
				VALIDATE_PRODUCT = YES;
			};
			name = Release;
		};
		AB89E0D8238F40EE0082D34A /* Debug */ = {
			isa = XCBuildConfiguration;
			baseConfigurationReference = 0FC743A294A415EDEB12C41B /* Pods-TestAdView.debug.xcconfig */;
			buildSettings = {
				ASSETCATALOG_COMPILER_APPICON_NAME = AppIcon;
				CLANG_ALLOW_NON_MODULAR_INCLUDES_IN_FRAMEWORK_MODULES = NO;
				CODE_SIGN_STYLE = Automatic;
				DEVELOPMENT_TEAM = 2Y9BM25FS4;
				INFOPLIST_FILE = TestAdView/Info.plist;
				LD_RUNPATH_SEARCH_PATHS = (
					"$(inherited)",
					"@executable_path/Frameworks",
				);
				PRODUCT_BUNDLE_IDENTIFIER = tv.foundry.TestAdView;
				PRODUCT_NAME = "$(TARGET_NAME)";
				SWIFT_VERSION = 4.2;
				TARGETED_DEVICE_FAMILY = "1,2";
			};
			name = Debug;
		};
		AB89E0D9238F40EE0082D34A /* Release */ = {
			isa = XCBuildConfiguration;
			baseConfigurationReference = C17BBE532FAA2BAAB309811B /* Pods-TestAdView.release.xcconfig */;
			buildSettings = {
				ASSETCATALOG_COMPILER_APPICON_NAME = AppIcon;
				CLANG_ALLOW_NON_MODULAR_INCLUDES_IN_FRAMEWORK_MODULES = NO;
				CODE_SIGN_STYLE = Automatic;
				DEVELOPMENT_TEAM = 2Y9BM25FS4;
				INFOPLIST_FILE = TestAdView/Info.plist;
				LD_RUNPATH_SEARCH_PATHS = (
					"$(inherited)",
					"@executable_path/Frameworks",
				);
				PRODUCT_BUNDLE_IDENTIFIER = tv.foundry.TestAdView;
				PRODUCT_NAME = "$(TARGET_NAME)";
				SWIFT_VERSION = 4.2;
				TARGETED_DEVICE_FAMILY = "1,2";
			};
			name = Release;
		};
		AB89E0DB238F40EE0082D34A /* Debug */ = {
			isa = XCBuildConfiguration;
			buildSettings = {
				ALWAYS_EMBED_SWIFT_STANDARD_LIBRARIES = YES;
				BUNDLE_LOADER = "$(TEST_HOST)";
				CODE_SIGN_STYLE = Automatic;
				DEVELOPMENT_TEAM = 2Y9BM25FS4;
				INFOPLIST_FILE = TestAdViewTests/Info.plist;
				LD_RUNPATH_SEARCH_PATHS = (
					"$(inherited)",
					"@executable_path/Frameworks",
					"@loader_path/Frameworks",
				);
				PRODUCT_BUNDLE_IDENTIFIER = tv.foundry.TestAdViewTests;
				PRODUCT_NAME = "$(TARGET_NAME)";
				SWIFT_VERSION = 4.2;
				TARGETED_DEVICE_FAMILY = "1,2";
				TEST_HOST = "$(BUILT_PRODUCTS_DIR)/TestAdView.app/TestAdView";
			};
			name = Debug;
		};
		AB89E0DC238F40EE0082D34A /* Release */ = {
			isa = XCBuildConfiguration;
			buildSettings = {
				ALWAYS_EMBED_SWIFT_STANDARD_LIBRARIES = YES;
				BUNDLE_LOADER = "$(TEST_HOST)";
				CODE_SIGN_STYLE = Automatic;
				DEVELOPMENT_TEAM = 2Y9BM25FS4;
				INFOPLIST_FILE = TestAdViewTests/Info.plist;
				LD_RUNPATH_SEARCH_PATHS = (
					"$(inherited)",
					"@executable_path/Frameworks",
					"@loader_path/Frameworks",
				);
				PRODUCT_BUNDLE_IDENTIFIER = tv.foundry.TestAdViewTests;
				PRODUCT_NAME = "$(TARGET_NAME)";
				SWIFT_VERSION = 4.2;
				TARGETED_DEVICE_FAMILY = "1,2";
				TEST_HOST = "$(BUILT_PRODUCTS_DIR)/TestAdView.app/TestAdView";
			};
			name = Release;
		};
/* End XCBuildConfiguration section */

/* Begin XCConfigurationList section */
		AB89E0B5238F40EC0082D34A /* Build configuration list for PBXProject "TestAdView" */ = {
			isa = XCConfigurationList;
			buildConfigurations = (
				AB89E0D5238F40EE0082D34A /* Debug */,
				AB89E0D6238F40EE0082D34A /* Release */,
			);
			defaultConfigurationIsVisible = 0;
			defaultConfigurationName = Release;
		};
		AB89E0D7238F40EE0082D34A /* Build configuration list for PBXNativeTarget "TestAdView" */ = {
			isa = XCConfigurationList;
			buildConfigurations = (
				AB89E0D8238F40EE0082D34A /* Debug */,
				AB89E0D9238F40EE0082D34A /* Release */,
			);
			defaultConfigurationIsVisible = 0;
			defaultConfigurationName = Release;
		};
		AB89E0DA238F40EE0082D34A /* Build configuration list for PBXNativeTarget "TestAdViewTests" */ = {
			isa = XCConfigurationList;
			buildConfigurations = (
				AB89E0DB238F40EE0082D34A /* Debug */,
				AB89E0DC238F40EE0082D34A /* Release */,
			);
			defaultConfigurationIsVisible = 0;
			defaultConfigurationName = Release;
		};
/* End XCConfigurationList section */
	};
	rootObject = AB89E0B2238F40EC0082D34A /* Project object */;
}
