// !$*UTF8*$!
{
	archiveVersion = 1;
	classes = {
	};
	objectVersion = 50;
	objects = {

/* Begin PBXBuildFile section */
		70250677F283059846676CDF /* Pods_VeepPrerollB.framework in Frameworks */ = {isa = PBXBuildFile; fileRef = 4C6C54BBFA79BC4121741129 /* Pods_VeepPrerollB.framework */; };
		AB44FCEB2392C1470019C322 /* PrerollHandler.swift in Sources */ = {isa = PBXBuildFile; fileRef = ABD1E1E22391518D009D1B8F /* PrerollHandler.swift */; };
		AB44FCEC2392C1470019C322 /* VeepioViewController.swift in Sources */ = {isa = PBXBuildFile; fileRef = ABC26F562390345500EB5ADC /* VeepioViewController.swift */; };
		AB44FCED2392C1470019C322 /* GoogleViewController.swift in Sources */ = {isa = PBXBuildFile; fileRef = AB89E0BF238F40EC0082D34A /* GoogleViewController.swift */; };
		AB44FCF22392C1470019C322 /* LaunchScreen.storyboard in Resources */ = {isa = PBXBuildFile; fileRef = AB89E0C6238F40EE0082D34A /* LaunchScreen.storyboard */; };
		AB44FCF32392C1470019C322 /* Assets.xcassets in Resources */ = {isa = PBXBuildFile; fileRef = AB89E0C4238F40EE0082D34A /* Assets.xcassets */; };
		AB44FCF42392C1470019C322 /* Main.storyboard in Resources */ = {isa = PBXBuildFile; fileRef = AB89E0C1238F40EC0082D34A /* Main.storyboard */; };
		AB44FCFC2392C2100019C322 /* VPKit.framework in Frameworks */ = {isa = PBXBuildFile; fileRef = AB44FCFB2392C1FD0019C322 /* VPKit.framework */; };
		AB44FCFD2392C2100019C322 /* VPKit.framework in Embed Frameworks */ = {isa = PBXBuildFile; fileRef = AB44FCFB2392C1FD0019C322 /* VPKit.framework */; settings = {ATTRIBUTES = (CodeSignOnCopy, RemoveHeadersOnCopy, ); }; };
		ABA505E42393105600DC8710 /* AppDelegate.swift in Sources */ = {isa = PBXBuildFile; fileRef = ABA505E32393105600DC8710 /* AppDelegate.swift */; };
/* End PBXBuildFile section */

/* Begin PBXCopyFilesBuildPhase section */
		AB44FCFE2392C2110019C322 /* Embed Frameworks */ = {
			isa = PBXCopyFilesBuildPhase;
			buildActionMask = 2147483647;
			dstPath = "";
			dstSubfolderSpec = 10;
			files = (
				AB44FCFD2392C2100019C322 /* VPKit.framework in Embed Frameworks */,
			);
			name = "Embed Frameworks";
			runOnlyForDeploymentPostprocessing = 0;
		};
/* End PBXCopyFilesBuildPhase section */

/* Begin PBXFileReference section */
		4C6C54BBFA79BC4121741129 /* Pods_VeepPrerollB.framework */ = {isa = PBXFileReference; explicitFileType = wrapper.framework; includeInIndex = 0; path = Pods_VeepPrerollB.framework; sourceTree = BUILT_PRODUCTS_DIR; };
		68F68C33BFC79AD7D541BB14 /* Pods-VeepPrerollB.debug.xcconfig */ = {isa = PBXFileReference; includeInIndex = 1; lastKnownFileType = text.xcconfig; name = "Pods-VeepPrerollB.debug.xcconfig"; path = "Target Support Files/Pods-VeepPrerollB/Pods-VeepPrerollB.debug.xcconfig"; sourceTree = "<group>"; };
		AB44FCF92392C1470019C322 /* VeepPrerollB.app */ = {isa = PBXFileReference; explicitFileType = wrapper.application; includeInIndex = 0; path = VeepPrerollB.app; sourceTree = BUILT_PRODUCTS_DIR; };
		AB44FCFB2392C1FD0019C322 /* VPKit.framework */ = {isa = PBXFileReference; lastKnownFileType = wrapper.framework; path = VPKit.framework; sourceTree = "<group>"; };
		AB89E0BF238F40EC0082D34A /* GoogleViewController.swift */ = {isa = PBXFileReference; lastKnownFileType = sourcecode.swift; path = GoogleViewController.swift; sourceTree = "<group>"; };
		AB89E0C2238F40EC0082D34A /* Base */ = {isa = PBXFileReference; lastKnownFileType = file.storyboard; name = Base; path = Base.lproj/Main.storyboard; sourceTree = "<group>"; };
		AB89E0C4238F40EE0082D34A /* Assets.xcassets */ = {isa = PBXFileReference; lastKnownFileType = folder.assetcatalog; path = Assets.xcassets; sourceTree = "<group>"; };
		AB89E0C7238F40EE0082D34A /* Base */ = {isa = PBXFileReference; lastKnownFileType = file.storyboard; name = Base; path = Base.lproj/LaunchScreen.storyboard; sourceTree = "<group>"; };
		AB89E0C9238F40EE0082D34A /* Info.plist */ = {isa = PBXFileReference; lastKnownFileType = text.plist.xml; path = Info.plist; sourceTree = "<group>"; };
		ABA505E32393105600DC8710 /* AppDelegate.swift */ = {isa = PBXFileReference; fileEncoding = 4; lastKnownFileType = sourcecode.swift; path = AppDelegate.swift; sourceTree = "<group>"; };
		ABC26F562390345500EB5ADC /* VeepioViewController.swift */ = {isa = PBXFileReference; lastKnownFileType = sourcecode.swift; path = VeepioViewController.swift; sourceTree = "<group>"; };
		ABCE90EC2391E2F200399A88 /* README.md */ = {isa = PBXFileReference; lastKnownFileType = net.daringfireball.markdown; path = README.md; sourceTree = "<group>"; };
		ABD1E1E22391518D009D1B8F /* PrerollHandler.swift */ = {isa = PBXFileReference; lastKnownFileType = sourcecode.swift; path = PrerollHandler.swift; sourceTree = "<group>"; };
		ABE5ED2C2391B7AA000B6281 /* VeepPreroll.entitlements */ = {isa = PBXFileReference; lastKnownFileType = text.plist.entitlements; path = VeepPreroll.entitlements; sourceTree = "<group>"; };
		F0F48BD7B8AA17974134C68D /* Pods-VeepPrerollB.release.xcconfig */ = {isa = PBXFileReference; includeInIndex = 1; lastKnownFileType = text.xcconfig; name = "Pods-VeepPrerollB.release.xcconfig"; path = "Target Support Files/Pods-VeepPrerollB/Pods-VeepPrerollB.release.xcconfig"; sourceTree = "<group>"; };
/* End PBXFileReference section */

/* Begin PBXFrameworksBuildPhase section */
		AB44FCEF2392C1470019C322 /* Frameworks */ = {
			isa = PBXFrameworksBuildPhase;
			buildActionMask = 2147483647;
			files = (
				AB44FCFC2392C2100019C322 /* VPKit.framework in Frameworks */,
				70250677F283059846676CDF /* Pods_VeepPrerollB.framework in Frameworks */,
			);
			runOnlyForDeploymentPostprocessing = 0;
		};
/* End PBXFrameworksBuildPhase section */

/* Begin PBXGroup section */
		5FF33957B4F8F1F9FA18AC38 /* Frameworks */ = {
			isa = PBXGroup;
			children = (
				4C6C54BBFA79BC4121741129 /* Pods_VeepPrerollB.framework */,
			);
			name = Frameworks;
			sourceTree = "<group>";
		};
		7DEDE0493D139AB3C99CCF87 /* Pods */ = {
			isa = PBXGroup;
			children = (
				68F68C33BFC79AD7D541BB14 /* Pods-VeepPrerollB.debug.xcconfig */,
				F0F48BD7B8AA17974134C68D /* Pods-VeepPrerollB.release.xcconfig */,
			);
			path = Pods;
			sourceTree = "<group>";
		};
		AB89E0B1238F40EC0082D34A = {
			isa = PBXGroup;
			children = (
				ABCE90EC2391E2F200399A88 /* README.md */,
				AB44FCFB2392C1FD0019C322 /* VPKit.framework */,
				AB89E0BC238F40EC0082D34A /* VeepPreroll */,
				AB89E0BB238F40EC0082D34A /* Products */,
				7DEDE0493D139AB3C99CCF87 /* Pods */,
				5FF33957B4F8F1F9FA18AC38 /* Frameworks */,
			);
			sourceTree = "<group>";
		};
		AB89E0BB238F40EC0082D34A /* Products */ = {
			isa = PBXGroup;
			children = (
				AB44FCF92392C1470019C322 /* VeepPrerollB.app */,
			);
			name = Products;
			sourceTree = "<group>";
		};
		AB89E0BC238F40EC0082D34A /* VeepPreroll */ = {
			isa = PBXGroup;
			children = (
				ABA505E32393105600DC8710 /* AppDelegate.swift */,
				ABE5ED2C2391B7AA000B6281 /* VeepPreroll.entitlements */,
				ABC26F562390345500EB5ADC /* VeepioViewController.swift */,
				ABD1E1E22391518D009D1B8F /* PrerollHandler.swift */,
				AB89E0BF238F40EC0082D34A /* GoogleViewController.swift */,
				AB89E0C1238F40EC0082D34A /* Main.storyboard */,
				AB89E0C4238F40EE0082D34A /* Assets.xcassets */,
				AB89E0C6238F40EE0082D34A /* LaunchScreen.storyboard */,
				AB89E0C9238F40EE0082D34A /* Info.plist */,
			);
			path = VeepPreroll;
			sourceTree = "<group>";
		};
/* End PBXGroup section */

/* Begin PBXNativeTarget section */
		AB44FCE72392C1470019C322 /* VeepPrerollB */ = {
			isa = PBXNativeTarget;
			buildConfigurationList = AB44FCF62392C1470019C322 /* Build configuration list for PBXNativeTarget "VeepPrerollB" */;
			buildPhases = (
				2CD146A1C18586D064A744FE /* [CP] Check Pods Manifest.lock */,
				AB44FCE92392C1470019C322 /* Sources */,
				AB44FCEF2392C1470019C322 /* Frameworks */,
				AB44FCF12392C1470019C322 /* Resources */,
				AB44FCFE2392C2110019C322 /* Embed Frameworks */,
				2E726EE79479D4D343E780C2 /* [CP] Embed Pods Frameworks */,
			);
			buildRules = (
			);
			dependencies = (
			);
			name = VeepPrerollB;
			productName = TestAdView;
			productReference = AB44FCF92392C1470019C322 /* VeepPrerollB.app */;
			productType = "com.apple.product-type.application";
		};
/* End PBXNativeTarget section */

/* Begin PBXProject section */
		AB89E0B2238F40EC0082D34A /* Project object */ = {
			isa = PBXProject;
			attributes = {
				LastSwiftUpdateCheck = 1010;
				LastUpgradeCheck = 1010;
				ORGANIZATIONNAME = Foundry;
			};
			buildConfigurationList = AB89E0B5238F40EC0082D34A /* Build configuration list for PBXProject "VeepPreroll" */;
			compatibilityVersion = "Xcode 9.3";
			developmentRegion = en;
			hasScannedForEncodings = 0;
			knownRegions = (
				en,
				Base,
			);
			mainGroup = AB89E0B1238F40EC0082D34A;
			productRefGroup = AB89E0BB238F40EC0082D34A /* Products */;
			projectDirPath = "";
			projectRoot = "";
			targets = (
				AB44FCE72392C1470019C322 /* VeepPrerollB */,
			);
		};
/* End PBXProject section */

/* Begin PBXResourcesBuildPhase section */
		AB44FCF12392C1470019C322 /* Resources */ = {
			isa = PBXResourcesBuildPhase;
			buildActionMask = 2147483647;
			files = (
				AB44FCF22392C1470019C322 /* LaunchScreen.storyboard in Resources */,
				AB44FCF32392C1470019C322 /* Assets.xcassets in Resources */,
				AB44FCF42392C1470019C322 /* Main.storyboard in Resources */,
			);
			runOnlyForDeploymentPostprocessing = 0;
		};
/* End PBXResourcesBuildPhase section */

/* Begin PBXShellScriptBuildPhase section */
		2CD146A1C18586D064A744FE /* [CP] Check Pods Manifest.lock */ = {
			isa = PBXShellScriptBuildPhase;
			buildActionMask = 2147483647;
			files = (
			);
			inputFileListPaths = (
			);
			inputPaths = (
				"${PODS_PODFILE_DIR_PATH}/Podfile.lock",
				"${PODS_ROOT}/Manifest.lock",
			);
			name = "[CP] Check Pods Manifest.lock";
			outputFileListPaths = (
			);
			outputPaths = (
				"$(DERIVED_FILE_DIR)/Pods-VeepPrerollB-checkManifestLockResult.txt",
			);
			runOnlyForDeploymentPostprocessing = 0;
			shellPath = /bin/sh;
			shellScript = "diff \"${PODS_PODFILE_DIR_PATH}/Podfile.lock\" \"${PODS_ROOT}/Manifest.lock\" > /dev/null\nif [ $? != 0 ] ; then\n    # print error to STDERR\n    echo \"error: The sandbox is not in sync with the Podfile.lock. Run 'pod install' or update your CocoaPods installation.\" >&2\n    exit 1\nfi\n# This output is used by Xcode 'outputs' to avoid re-running this script phase.\necho \"SUCCESS\" > \"${SCRIPT_OUTPUT_FILE_0}\"\n";
			showEnvVarsInLog = 0;
		};
		2E726EE79479D4D343E780C2 /* [CP] Embed Pods Frameworks */ = {
			isa = PBXShellScriptBuildPhase;
			buildActionMask = 2147483647;
			files = (
			);
			inputFileListPaths = (
			);
			inputPaths = (
				"${PODS_ROOT}/Target Support Files/Pods-VeepPrerollB/Pods-VeepPrerollB-frameworks.sh",
				"${PODS_ROOT}/GoogleAds-IMA-iOS-SDK/GoogleInteractiveMediaAds.framework",
			);
			name = "[CP] Embed Pods Frameworks";
			outputFileListPaths = (
			);
			outputPaths = (
				"${TARGET_BUILD_DIR}/${FRAMEWORKS_FOLDER_PATH}/GoogleInteractiveMediaAds.framework",
			);
			runOnlyForDeploymentPostprocessing = 0;
			shellPath = /bin/sh;
			shellScript = "\"${PODS_ROOT}/Target Support Files/Pods-VeepPrerollB/Pods-VeepPrerollB-frameworks.sh\"\n";
			showEnvVarsInLog = 0;
		};
/* End PBXShellScriptBuildPhase section */

/* Begin PBXSourcesBuildPhase section */
		AB44FCE92392C1470019C322 /* Sources */ = {
			isa = PBXSourcesBuildPhase;
			buildActionMask = 2147483647;
			files = (
				ABA505E42393105600DC8710 /* AppDelegate.swift in Sources */,
				AB44FCEB2392C1470019C322 /* PrerollHandler.swift in Sources */,
				AB44FCEC2392C1470019C322 /* VeepioViewController.swift in Sources */,
				AB44FCED2392C1470019C322 /* GoogleViewController.swift in Sources */,
			);
			runOnlyForDeploymentPostprocessing = 0;
		};
/* End PBXSourcesBuildPhase section */

/* Begin PBXVariantGroup section */
		AB89E0C1238F40EC0082D34A /* Main.storyboard */ = {
			isa = PBXVariantGroup;
			children = (
				AB89E0C2238F40EC0082D34A /* Base */,
			);
			name = Main.storyboard;
			sourceTree = "<group>";
		};
		AB89E0C6238F40EE0082D34A /* LaunchScreen.storyboard */ = {
			isa = PBXVariantGroup;
			children = (
				AB89E0C7238F40EE0082D34A /* Base */,
			);
			name = LaunchScreen.storyboard;
			sourceTree = "<group>";
		};
/* End PBXVariantGroup section */

/* Begin XCBuildConfiguration section */
		AB44FCF72392C1470019C322 /* Debug */ = {
			isa = XCBuildConfiguration;
			baseConfigurationReference = 68F68C33BFC79AD7D541BB14 /* Pods-VeepPrerollB.debug.xcconfig */;
			buildSettings = {
				ASSETCATALOG_COMPILER_APPICON_NAME = AppIcon;
				CLANG_ALLOW_NON_MODULAR_INCLUDES_IN_FRAMEWORK_MODULES = NO;
				CODE_SIGN_ENTITLEMENTS = VeepPreroll/VeepPreroll.entitlements;
				CODE_SIGN_STYLE = Automatic;
				DEVELOPMENT_TEAM = 6R3CG82D75;
				FRAMEWORK_SEARCH_PATHS = (
					"$(inherited)",
					"$(PROJECT_DIR)",
				);
				INFOPLIST_FILE = VeepPreroll/Info.plist;
				LD_RUNPATH_SEARCH_PATHS = (
					"$(inherited)",
					"@executable_path/Frameworks",
				);
				PRODUCT_BUNDLE_IDENTIFIER = io.veep.prerollB;
				PRODUCT_NAME = "$(TARGET_NAME)";
				SWIFT_VERSION = 4.2;
				TARGETED_DEVICE_FAMILY = "1,2";
			};
			name = Debug;
		};
		AB44FCF82392C1470019C322 /* Release */ = {
			isa = XCBuildConfiguration;
			baseConfigurationReference = F0F48BD7B8AA17974134C68D /* Pods-VeepPrerollB.release.xcconfig */;
			buildSettings = {
				ASSETCATALOG_COMPILER_APPICON_NAME = AppIcon;
				CLANG_ALLOW_NON_MODULAR_INCLUDES_IN_FRAMEWORK_MODULES = NO;
				CODE_SIGN_ENTITLEMENTS = VeepPreroll/VeepPreroll.entitlements;
				CODE_SIGN_STYLE = Automatic;
				DEVELOPMENT_TEAM = 6R3CG82D75;
				FRAMEWORK_SEARCH_PATHS = (
					"$(inherited)",
					"$(PROJECT_DIR)",
				);
				INFOPLIST_FILE = VeepPreroll/Info.plist;
				LD_RUNPATH_SEARCH_PATHS = (
					"$(inherited)",
					"@executable_path/Frameworks",
				);
				PRODUCT_BUNDLE_IDENTIFIER = io.veep.prerollB;
				PRODUCT_NAME = "$(TARGET_NAME)";
				SWIFT_VERSION = 4.2;
				TARGETED_DEVICE_FAMILY = "1,2";
			};
			name = Release;
		};
		AB89E0D5238F40EE0082D34A /* Debug */ = {
			isa = XCBuildConfiguration;
			buildSettings = {
				ALWAYS_SEARCH_USER_PATHS = NO;
				CLANG_ALLOW_NON_MODULAR_INCLUDES_IN_FRAMEWORK_MODULES = YES;
				CLANG_ANALYZER_NONNULL = YES;
				CLANG_ANALYZER_NUMBER_OBJECT_CONVERSION = YES_AGGRESSIVE;
				CLANG_CXX_LANGUAGE_STANDARD = "gnu++14";
				CLANG_CXX_LIBRARY = "libc++";
				CLANG_ENABLE_MODULES = YES;
				CLANG_ENABLE_OBJC_ARC = YES;
				CLANG_ENABLE_OBJC_WEAK = YES;
				CLANG_WARN_BLOCK_CAPTURE_AUTORELEASING = YES;
				CLANG_WARN_BOOL_CONVERSION = YES;
				CLANG_WARN_COMMA = YES;
				CLANG_WARN_CONSTANT_CONVERSION = YES;
				CLANG_WARN_DEPRECATED_OBJC_IMPLEMENTATIONS = YES;
				CLANG_WARN_DIRECT_OBJC_ISA_USAGE = YES_ERROR;
				CLANG_WARN_DOCUMENTATION_COMMENTS = YES;
				CLANG_WARN_EMPTY_BODY = YES;
				CLANG_WARN_ENUM_CONVERSION = YES;
				CLANG_WARN_INFINITE_RECURSION = YES;
				CLANG_WARN_INT_CONVERSION = YES;
				CLANG_WARN_NON_LITERAL_NULL_CONVERSION = YES;
				CLANG_WARN_OBJC_IMPLICIT_RETAIN_SELF = YES;
				CLANG_WARN_OBJC_LITERAL_CONVERSION = YES;
				CLANG_WARN_OBJC_ROOT_CLASS = YES_ERROR;
				CLANG_WARN_RANGE_LOOP_ANALYSIS = YES;
				CLANG_WARN_STRICT_PROTOTYPES = YES;
				CLANG_WARN_SUSPICIOUS_MOVE = YES;
				CLANG_WARN_UNGUARDED_AVAILABILITY = YES_AGGRESSIVE;
				CLANG_WARN_UNREACHABLE_CODE = YES;
				CLANG_WARN__DUPLICATE_METHOD_MATCH = YES;
				CODE_SIGN_IDENTITY = "iPhone Developer";
				COPY_PHASE_STRIP = NO;
				DEBUG_INFORMATION_FORMAT = dwarf;
				ENABLE_STRICT_OBJC_MSGSEND = YES;
				ENABLE_TESTABILITY = YES;
				GCC_C_LANGUAGE_STANDARD = gnu11;
				GCC_DYNAMIC_NO_PIC = NO;
				GCC_NO_COMMON_BLOCKS = YES;
				GCC_OPTIMIZATION_LEVEL = 0;
				GCC_PREPROCESSOR_DEFINITIONS = (
					"DEBUG=1",
					"$(inherited)",
				);
				GCC_WARN_64_TO_32_BIT_CONVERSION = YES;
				GCC_WARN_ABOUT_RETURN_TYPE = YES_ERROR;
				GCC_WARN_UNDECLARED_SELECTOR = YES;
				GCC_WARN_UNINITIALIZED_AUTOS = YES_AGGRESSIVE;
				GCC_WARN_UNUSED_FUNCTION = YES;
				GCC_WARN_UNUSED_VARIABLE = YES;
				IPHONEOS_DEPLOYMENT_TARGET = 10.0;
				MTL_ENABLE_DEBUG_INFO = INCLUDE_SOURCE;
				MTL_FAST_MATH = YES;
				ONLY_ACTIVE_ARCH = YES;
				SDKROOT = iphoneos;
				SWIFT_ACTIVE_COMPILATION_CONDITIONS = DEBUG;
				SWIFT_OPTIMIZATION_LEVEL = "-Onone";
			};
			name = Debug;
		};
		AB89E0D6238F40EE0082D34A /* Release */ = {
			isa = XCBuildConfiguration;
			buildSettings = {
				ALWAYS_SEARCH_USER_PATHS = NO;
				CLANG_ALLOW_NON_MODULAR_INCLUDES_IN_FRAMEWORK_MODULES = YES;
				CLANG_ANALYZER_NONNULL = YES;
				CLANG_ANALYZER_NUMBER_OBJECT_CONVERSION = YES_AGGRESSIVE;
				CLANG_CXX_LANGUAGE_STANDARD = "gnu++14";
				CLANG_CXX_LIBRARY = "libc++";
				CLANG_ENABLE_MODULES = YES;
				CLANG_ENABLE_OBJC_ARC = YES;
				CLANG_ENABLE_OBJC_WEAK = YES;
				CLANG_WARN_BLOCK_CAPTURE_AUTORELEASING = YES;
				CLANG_WARN_BOOL_CONVERSION = YES;
				CLANG_WARN_COMMA = YES;
				CLANG_WARN_CONSTANT_CONVERSION = YES;
				CLANG_WARN_DEPRECATED_OBJC_IMPLEMENTATIONS = YES;
				CLANG_WARN_DIRECT_OBJC_ISA_USAGE = YES_ERROR;
				CLANG_WARN_DOCUMENTATION_COMMENTS = YES;
				CLANG_WARN_EMPTY_BODY = YES;
				CLANG_WARN_ENUM_CONVERSION = YES;
				CLANG_WARN_INFINITE_RECURSION = YES;
				CLANG_WARN_INT_CONVERSION = YES;
				CLANG_WARN_NON_LITERAL_NULL_CONVERSION = YES;
				CLANG_WARN_OBJC_IMPLICIT_RETAIN_SELF = YES;
				CLANG_WARN_OBJC_LITERAL_CONVERSION = YES;
				CLANG_WARN_OBJC_ROOT_CLASS = YES_ERROR;
				CLANG_WARN_RANGE_LOOP_ANALYSIS = YES;
				CLANG_WARN_STRICT_PROTOTYPES = YES;
				CLANG_WARN_SUSPICIOUS_MOVE = YES;
				CLANG_WARN_UNGUARDED_AVAILABILITY = YES_AGGRESSIVE;
				CLANG_WARN_UNREACHABLE_CODE = YES;
				CLANG_WARN__DUPLICATE_METHOD_MATCH = YES;
				CODE_SIGN_IDENTITY = "iPhone Developer";
				COPY_PHASE_STRIP = NO;
				DEBUG_INFORMATION_FORMAT = "dwarf-with-dsym";
				ENABLE_NS_ASSERTIONS = NO;
				ENABLE_STRICT_OBJC_MSGSEND = YES;
				GCC_C_LANGUAGE_STANDARD = gnu11;
				GCC_NO_COMMON_BLOCKS = YES;
				GCC_WARN_64_TO_32_BIT_CONVERSION = YES;
				GCC_WARN_ABOUT_RETURN_TYPE = YES_ERROR;
				GCC_WARN_UNDECLARED_SELECTOR = YES;
				GCC_WARN_UNINITIALIZED_AUTOS = YES_AGGRESSIVE;
				GCC_WARN_UNUSED_FUNCTION = YES;
				GCC_WARN_UNUSED_VARIABLE = YES;
				IPHONEOS_DEPLOYMENT_TARGET = 10.0;
				MTL_ENABLE_DEBUG_INFO = NO;
				MTL_FAST_MATH = YES;
				SDKROOT = iphoneos;
				SWIFT_COMPILATION_MODE = wholemodule;
				SWIFT_OPTIMIZATION_LEVEL = "-O";
				VALIDATE_PRODUCT = YES;
			};
			name = Release;
		};
/* End XCBuildConfiguration section */

/* Begin XCConfigurationList section */
		AB44FCF62392C1470019C322 /* Build configuration list for PBXNativeTarget "VeepPrerollB" */ = {
			isa = XCConfigurationList;
			buildConfigurations = (
				AB44FCF72392C1470019C322 /* Debug */,
				AB44FCF82392C1470019C322 /* Release */,
			);
			defaultConfigurationIsVisible = 0;
			defaultConfigurationName = Release;
		};
		AB89E0B5238F40EC0082D34A /* Build configuration list for PBXProject "VeepPreroll" */ = {
			isa = XCConfigurationList;
			buildConfigurations = (
				AB89E0D5238F40EE0082D34A /* Debug */,
				AB89E0D6238F40EE0082D34A /* Release */,
			);
			defaultConfigurationIsVisible = 0;
			defaultConfigurationName = Release;
		};
/* End XCConfigurationList section */
	};
	rootObject = AB89E0B2238F40EC0082D34A /* Project object */;
}
