PODS:
  - GoogleAds-IMA-iOS-SDK (3.10.1)

DEPENDENCIES:
  - GoogleAds-IMA-iOS-SDK (~> 3.9)

SPEC REPOS:
  https://github.com/cocoapods/specs.git:
    - GoogleAds-IMA-iOS-SDK

SPEC CHECKSUMS:
  GoogleAds-IMA-iOS-SDK: 0e37ab83b22075ad631a70dcba9528cb246c92bf

PODFILE CHECKSUM: 7d511c607e67a16d93e197fd28077b90d52162d4

COCOAPODS: 1.6.1
